
Microsoft Visual Studio Solution File, Format Version 9.00
# Visual Studio 2005
Project("{FAE04EC0-301F-11D3-BF4B-00C04F79EFBC}") = "PhotoDigest", "PhotoDigest\PhotoDigest.csproj", "{4793B520-2BB7-450C-BB79-DB15DE05CA99}"
EndProject
Project("{FAE04EC0-301F-11D3-BF4B-00C04F79EFBC}") = "WebCamera", "WebCamera\WebCamera.csproj", "{A3E9717B-F695-4FA7-AFEE-5BE710D68603}"
EndProject
Global
	GlobalSection(SolutionConfigurationPlatforms) = preSolution
		Debug|Any CPU = Debug|Any CPU
		Release|Any CPU = Release|Any CPU
	EndGlobalSection
	GlobalSection(ProjectConfigurationPlatforms) = postSolution
		{4793B520-2BB7-450C-BB79-DB15DE05CA99}.Debug|Any CPU.ActiveCfg = Debug|Any CPU
		{4793B520-2BB7-450C-BB79-DB15DE05CA99}.Debug|Any CPU.Build.0 = Debug|Any CPU
		{4793B520-2BB7-450C-BB79-DB15DE05CA99}.Release|Any CPU.ActiveCfg = Release|Any CPU
		{4793B520-2BB7-450C-BB79-DB15DE05CA99}.Release|Any CPU.Build.0 = Release|Any CPU
		{A3E9717B-F695-4FA7-AFEE-5BE710D68603}.Debug|Any CPU.ActiveCfg = Debug|Any CPU
		{A3E9717B-F695-4FA7-AFEE-5BE710D68603}.Debug|Any CPU.Build.0 = Debug|Any CPU
		{A3E9717B-F695-4FA7-AFEE-5BE710D68603}.Release|Any CPU.ActiveCfg = Release|Any CPU
		{A3E9717B-F695-4FA7-AFEE-5BE710D68603}.Release|Any CPU.Build.0 = Release|Any CPU
	EndGlobalSection
	GlobalSection(SolutionProperties) = preSolution
		HideSolutionNode = FALSE
	EndGlobalSection
EndGlobal
